
Microsoft Visual Studio Solution File, Format Version 12.00
# Visual Studio 2012
Project("{FAE04EC0-301F-11D3-BF4B-00C04F79EFBC}") = "botella", "botella\botella.csproj", "{02965158-8A3B-4E36-801A-F8543354B883}"
EndProject
Global
	GlobalSection(SolutionConfigurationPlatforms) = preSolution
		Debug|Any CPU = Debug|Any CPU
		Release|Any CPU = Release|Any CPU
	EndGlobalSection
	GlobalSection(ProjectConfigurationPlatforms) = postSolution
		{02965158-8A3B-4E36-801A-F8543354B883}.Debug|Any CPU.ActiveCfg = Debug|Any CPU
		{02965158-8A3B-4E36-801A-F8543354B883}.Debug|Any CPU.Build.0 = Debug|Any CPU
		{02965158-8A3B-4E36-801A-F8543354B883}.Release|Any CPU.ActiveCfg = Release|Any CPU
		{02965158-8A3B-4E36-801A-F8543354B883}.Release|Any CPU.Build.0 = Release|Any CPU
	EndGlobalSection
EndGlobal
